
Microsoft Visual Studio Solution File, Format Version 12.00
# Visual Studio Version 16
VisualStudioVersion = 16.0.32106.194
MinimumVisualStudioVersion = 10.0.40219.1
Project("{FAE04EC0-301F-11D3-BF4B-00C04F79EFBC}") = "Project", "Project\Project.csproj", "{3BA98C44-B917-447D-99CB-9460185B1204}"
EndProject
Global
	GlobalSection(SolutionConfigurationPlatforms) = preSolution
		Debug|Any CPU = Debug|Any CPU
		Release|Any CPU = Release|Any CPU
	EndGlobalSection
	GlobalSection(ProjectConfigurationPlatforms) = postSolution
		{3BA98C44-B917-447D-99CB-9460185B1204}.Debug|Any CPU.ActiveCfg = Debug|Any CPU
		{3BA98C44-B917-447D-99CB-9460185B1204}.Debug|Any CPU.Build.0 = Debug|Any CPU
		{3BA98C44-B917-447D-99CB-9460185B1204}.Release|Any CPU.ActiveCfg = Release|Any CPU
		{3BA98C44-B917-447D-99CB-9460185B1204}.Release|Any CPU.Build.0 = Release|Any CPU
	EndGlobalSection
	GlobalSection(SolutionProperties) = preSolution
		HideSolutionNode = FALSE
	EndGlobalSection
	GlobalSection(ExtensibilityGlobals) = postSolution
		SolutionGuid = {A73FB331-ADD5-4579-A460-225AA3A99ADD}
	EndGlobalSection
EndGlobal
